Microsoft Visual Studio Solution File, Format Version 12.00
# Visual Studio Version 17
VisualStudioVersion = 17.5.2.0
MinimumVisualStudioVersion = 10.0.40219.1
Project("{FAE04EC0-301F-11D3-BF4B-00C04F79EFBC}") = "learningCsharp.Core", "learningCsharp.Core\learningCsharp.Core.csproj", "{89372B7E-6A5F-C53E-1466-4FDF3A4A5A29}"
EndProject
Project("{FAE04EC0-301F-11D3-BF4B-00C04F79EFBC}") = "learningCsharp.Tests", "learningCsharp.Tests\learningCsharp.Tests.csproj", "{54825CC8-B1A4-83B9-4783-03B1959FEE34}"
EndProject
Global
	GlobalSection(SolutionConfigurationPlatforms) = preSolution
		Debug|Any CPU = Debug|Any CPU
		Release|Any CPU = Release|Any CPU
	EndGlobalSection
	GlobalSection(ProjectConfigurationPlatforms) = postSolution
		{89372B7E-6A5F-C53E-1466-4FDF3A4A5A29}.Debug|Any CPU.ActiveCfg = Debug|Any CPU
		{89372B7E-6A5F-C53E-1466-4FDF3A4A5A29}.Debug|Any CPU.Build.0 = Debug|Any CPU
		{89372B7E-6A5F-C53E-1466-4FDF3A4A5A29}.Release|Any CPU.ActiveCfg = Release|Any CPU
		{89372B7E-6A5F-C53E-1466-4FDF3A4A5A29}.Release|Any CPU.Build.0 = Release|Any CPU
		{54825CC8-B1A4-83B9-4783-03B1959FEE34}.Debug|Any CPU.ActiveCfg = Debug|Any CPU
		{54825CC8-B1A4-83B9-4783-03B1959FEE34}.Debug|Any CPU.Build.0 = Debug|Any CPU
		{54825CC8-B1A4-83B9-4783-03B1959FEE34}.Release|Any CPU.ActiveCfg = Release|Any CPU
		{54825CC8-B1A4-83B9-4783-03B1959FEE34}.Release|Any CPU.Build.0 = Release|Any CPU
	EndGlobalSection
	GlobalSection(SolutionProperties) = preSolution
		HideSolutionNode = FALSE
	EndGlobalSection
	GlobalSection(ExtensibilityGlobals) = postSolution
		SolutionGuid = {6849E0E1-C193-4BA2-A232-F7E40A7E3647}
	EndGlobalSection
EndGlobal
